
Microsoft Visual Studio Solution File, Format Version 12.00
# Visual Studio Version 16
VisualStudioVersion = 16.0.29306.81
MinimumVisualStudioVersion = 10.0.40219.1
Project("{FAE04EC0-301F-11D3-BF4B-00C04F79EFBC}") = "programa21-Lista Enlazada de Nombres de Personas", "programa21-Lista Enlazada de Nombres de Personas.csproj", "{31BC54A7-E6D6-4E1C-B01A-78D035A1A377}"
EndProject
Global
	GlobalSection(SolutionConfigurationPlatforms) = preSolution
		Debug|Any CPU = Debug|Any CPU
		Release|Any CPU = Release|Any CPU
	EndGlobalSection
	GlobalSection(ProjectConfigurationPlatforms) = postSolution
		{31BC54A7-E6D6-4E1C-B01A-78D035A1A377}.Debug|Any CPU.ActiveCfg = Debug|Any CPU
		{31BC54A7-E6D6-4E1C-B01A-78D035A1A377}.Debug|Any CPU.Build.0 = Debug|Any CPU
		{31BC54A7-E6D6-4E1C-B01A-78D035A1A377}.Release|Any CPU.ActiveCfg = Release|Any CPU
		{31BC54A7-E6D6-4E1C-B01A-78D035A1A377}.Release|Any CPU.Build.0 = Release|Any CPU
	EndGlobalSection
	GlobalSection(SolutionProperties) = preSolution
		HideSolutionNode = FALSE
	EndGlobalSection
	GlobalSection(ExtensibilityGlobals) = postSolution
		SolutionGuid = {219BF435-2E26-4F78-BAAE-A6096D6A07AC}
	EndGlobalSection
EndGlobal
